
Microsoft Visual Studio Solution File, Format Version 12.00
# Visual Studio Version 16
VisualStudioVersion = 16.0.30011.22
MinimumVisualStudioVersion = 10.0.40219.1
Project("{888888A0-9F3D-457C-B088-3A5042F75D52}") = "DigitalProfile", "DigitalProfile\DigitalProfile.pyproj", "{23CCC089-F157-4270-940D-5E4530B9AF70}"
EndProject
Global
	GlobalSection(SolutionConfigurationPlatforms) = preSolution
		Debug|Any CPU = Debug|Any CPU
		Release|Any CPU = Release|Any CPU
	EndGlobalSection
	GlobalSection(ProjectConfigurationPlatforms) = postSolution
		{23CCC089-F157-4270-940D-5E4530B9AF70}.Debug|Any CPU.ActiveCfg = Debug|Any CPU
		{23CCC089-F157-4270-940D-5E4530B9AF70}.Debug|Any CPU.Build.0 = Debug|Any CPU
		{23CCC089-F157-4270-940D-5E4530B9AF70}.Release|Any CPU.ActiveCfg = Release|Any CPU
		{23CCC089-F157-4270-940D-5E4530B9AF70}.Release|Any CPU.Build.0 = Release|Any CPU
	EndGlobalSection
	GlobalSection(SolutionProperties) = preSolution
		HideSolutionNode = FALSE
	EndGlobalSection
	GlobalSection(ExtensibilityGlobals) = postSolution
		SolutionGuid = {CD300B17-6324-4DB9-99A1-EEA6945D2C0A}
	EndGlobalSection
EndGlobal
